
Microsoft Visual Studio Solution File, Format Version 12.00
# Visual Studio 15
VisualStudioVersion = 15.0.27703.2042
MinimumVisualStudioVersion = 10.0.40219.1
Project("{FAE04EC0-301F-11D3-BF4B-00C04F79EFBC}") = "FormsChat.Android", "FormsChat\FormsChat.Android\FormsChat.Android.csproj", "{17CD45A3-D105-478E-B6C4-39BDB1F69949}"
EndProject
Project("{FAE04EC0-301F-11D3-BF4B-00C04F79EFBC}") = "FormsChat.iOS", "FormsChat\FormsChat.iOS\FormsChat.iOS.csproj", "{6DB5D3CC-09DC-4D7E-90A2-729838BFF325}"
EndProject
Project("{FAE04EC0-301F-11D3-BF4B-00C04F79EFBC}") = "FormsChat.UWP", "FormsChat\FormsChat.UWP\FormsChat.UWP.csproj", "{39808A73-2122-40B2-8211-7BB1B0090E7A}"
EndProject
Project("{FAE04EC0-301F-11D3-BF4B-00C04F79EFBC}") = "FormsChat", "FormsChat\FormsChat\FormsChat.csproj", "{34F5FD3E-3CD8-4C85-8906-08264D47C1A3}"
EndProject
Global
	GlobalSection(SolutionConfigurationPlatforms) = preSolution
		Ad-Hoc|Any CPU = Ad-Hoc|Any CPU
		Ad-Hoc|ARM = Ad-Hoc|ARM
		Ad-Hoc|iPhone = Ad-Hoc|iPhone
		Ad-Hoc|iPhoneSimulator = Ad-Hoc|iPhoneSimulator
		Ad-Hoc|x64 = Ad-Hoc|x64
		Ad-Hoc|x86 = Ad-Hoc|x86
		AppStore|Any CPU = AppStore|Any CPU
		AppStore|ARM = AppStore|ARM
		AppStore|iPhone = AppStore|iPhone
		AppStore|iPhoneSimulator = AppStore|iPhoneSimulator
		AppStore|x64 = AppStore|x64
		AppStore|x86 = AppStore|x86
		Debug|Any CPU = Debug|Any CPU
		Debug|ARM = Debug|ARM
		Debug|iPhone = Debug|iPhone
		Debug|iPhoneSimulator = Debug|iPhoneSimulator
		Debug|x64 = Debug|x64
		Debug|x86 = Debug|x86
		Release|Any CPU = Release|Any CPU
		Release|ARM = Release|ARM
		Release|iPhone = Release|iPhone
		Release|iPhoneSimulator = Release|iPhoneSimulator
		Release|x64 = Release|x64
		Release|x86 = Release|x86
	EndGlobalSection
	GlobalSection(ProjectConfigurationPlatforms) = postSolution
		{17CD45A3-D105-478E-B6C4-39BDB1F69949}.Ad-Hoc|Any CPU.ActiveCfg = Release|Any CPU
		{17CD45A3-D105-478E-B6C4-39BDB1F69949}.Ad-Hoc|Any CPU.Build.0 = Release|Any CPU
		{17CD45A3-D105-478E-B6C4-39BDB1F69949}.Ad-Hoc|Any CPU.Deploy.0 = Release|Any CPU
		{17CD45A3-D105-478E-B6C4-39BDB1F69949}.Ad-Hoc|ARM.ActiveCfg = Release|Any CPU
		{17CD45A3-D105-478E-B6C4-39BDB1F69949}.Ad-Hoc|ARM.Build.0 = Release|Any CPU
		{17CD45A3-D105-478E-B6C4-39BDB1F69949}.Ad-Hoc|ARM.Deploy.0 = Release|Any CPU
		{17CD45A3-D105-478E-B6C4-39BDB1F69949}.Ad-Hoc|iPhone.ActiveCfg = Release|Any CPU
		{17CD45A3-D105-478E-B6C4-39BDB1F69949}.Ad-Hoc|iPhone.Build.0 = Release|Any CPU
		{17CD45A3-D105-478E-B6C4-39BDB1F69949}.Ad-Hoc|iPhone.Deploy.0 = Release|Any CPU
		{17CD45A3-D105-478E-B6C4-39BDB1F69949}.Ad-Hoc|iPhoneSimulator.ActiveCfg = Release|Any CPU
		{17CD45A3-D105-478E-B6C4-39BDB1F69949}.Ad-Hoc|iPhoneSimulator.Build.0 = Release|Any CPU
		{17CD45A3-D105-478E-B6C4-39BDB1F69949}.Ad-Hoc|iPhoneSimulator.Deploy.0 = Release|Any CPU
		{17CD45A3-D105-478E-B6C4-39BDB1F69949}.Ad-Hoc|x64.ActiveCfg = Release|Any CPU
		{17CD45A3-D105-478E-B6C4-39BDB1F69949}.Ad-Hoc|x64.Build.0 = Release|Any CPU
		{17CD45A3-D105-478E-B6C4-39BDB1F69949}.Ad-Hoc|x64.Deploy.0 = Release|Any CPU
		{17CD45A3-D105-478E-B6C4-39BDB1F69949}.Ad-Hoc|x86.ActiveCfg = Release|Any CPU
		{17CD45A3-D105-478E-B6C4-39BDB1F69949}.Ad-Hoc|x86.Build.0 = Release|Any CPU
		{17CD45A3-D105-478E-B6C4-39BDB1F69949}.Ad-Hoc|x86.Deploy.0 = Release|Any CPU
		{17CD45A3-D105-478E-B6C4-39BDB1F69949}.AppStore|Any CPU.ActiveCfg = Release|Any CPU
		{17CD45A3-D105-478E-B6C4-39BDB1F69949}.AppStore|Any CPU.Build.0 = Release|Any CPU
		{17CD45A3-D105-478E-B6C4-39BDB1F69949}.AppStore|Any CPU.Deploy.0 = Release|Any CPU
		{17CD45A3-D105-478E-B6C4-39BDB1F69949}.AppStore|ARM.ActiveCfg = Release|Any CPU
		{17CD45A3-D105-478E-B6C4-39BDB1F69949}.AppStore|ARM.Build.0 = Release|Any CPU
		{17CD45A3-D105-478E-B6C4-39BDB1F69949}.AppStore|ARM.Deploy.0 = Release|Any CPU
		{17CD45A3-D105-478E-B6C4-39BDB1F69949}.AppStore|iPhone.ActiveCfg = Release|Any CPU
		{17CD45A3-D105-478E-B6C4-39BDB1F69949}.AppStore|iPhone.Build.0 = Release|Any CPU
		{17CD45A3-D105-478E-B6C4-39BDB1F69949}.AppStore|iPhone.Deploy.0 = Release|Any CPU
		{17CD45A3-D105-478E-B6C4-39BDB1F69949}.AppStore|iPhoneSimulator.ActiveCfg = Release|Any CPU
		{17CD45A3-D105-478E-B6C4-39BDB1F69949}.AppStore|iPhoneSimulator.Build.0 = Release|Any CPU
		{17CD45A3-D105-478E-B6C4-39BDB1F69949}.AppStore|iPhoneSimulator.Deploy.0 = Release|Any CPU
		{17CD45A3-D105-478E-B6C4-39BDB1F69949}.AppStore|x64.ActiveCfg = Release|Any CPU
		{17CD45A3-D105-478E-B6C4-39BDB1F69949}.AppStore|x64.Build.0 = Release|Any CPU
		{17CD45A3-D105-478E-B6C4-39BDB1F69949}.AppStore|x64.Deploy.0 = Release|Any CPU
		{17CD45A3-D105-478E-B6C4-39BDB1F69949}.AppStore|x86.ActiveCfg = Release|Any CPU
		{17CD45A3-D105-478E-B6C4-39BDB1F69949}.AppStore|x86.Build.0 = Release|Any CPU
		{17CD45A3-D105-478E-B6C4-39BDB1F69949}.AppStore|x86.Deploy.0 = Release|Any CPU
		{17CD45A3-D105-478E-B6C4-39BDB1F69949}.Debug|Any CPU.ActiveCfg = Debug|Any CPU
		{17CD45A3-D105-478E-B6C4-39BDB1F69949}.Debug|Any CPU.Build.0 = Debug|Any CPU
		{17CD45A3-D105-478E-B6C4-39BDB1F69949}.Debug|Any CPU.Deploy.0 = Debug|Any CPU
		{17CD45A3-D105-478E-B6C4-39BDB1F69949}.Debug|ARM.ActiveCfg = Debug|Any CPU
		{17CD45A3-D105-478E-B6C4-39BDB1F69949}.Debug|ARM.Build.0 = Debug|Any CPU
		{17CD45A3-D105-478E-B6C4-39BDB1F69949}.Debug|ARM.Deploy.0 = Debug|Any CPU
		{17CD45A3-D105-478E-B6C4-39BDB1F69949}.Debug|iPhone.ActiveCfg = Debug|Any CPU
		{17CD45A3-D105-478E-B6C4-39BDB1F69949}.Debug|iPhone.Build.0 = Debug|Any CPU
		{17CD45A3-D105-478E-B6C4-39BDB1F69949}.Debug|iPhone.Deploy.0 = Debug|Any CPU
		{17CD45A3-D105-478E-B6C4-39BDB1F69949}.Debug|iPhoneSimulator.ActiveCfg = Debug|Any CPU
		{17CD45A3-D105-478E-B6C4-39BDB1F69949}.Debug|iPhoneSimulator.Build.0 = Debug|Any CPU
		{17CD45A3-D105-478E-B6C4-39BDB1F69949}.Debug|iPhoneSimulator.Deploy.0 = Debug|Any CPU
		{17CD45A3-D105-478E-B6C4-39BDB1F69949}.Debug|x64.ActiveCfg = Debug|Any CPU
		{17CD45A3-D105-478E-B6C4-39BDB1F69949}.Debug|x64.Build.0 = Debug|Any CPU
		{17CD45A3-D105-478E-B6C4-39BDB1F69949}.Debug|x64.Deploy.0 = Debug|Any CPU
		{17CD45A3-D105-478E-B6C4-39BDB1F69949}.Debug|x86.ActiveCfg = Debug|Any CPU
		{17CD45A3-D105-478E-B6C4-39BDB1F69949}.Debug|x86.Build.0 = Debug|Any CPU
		{17CD45A3-D105-478E-B6C4-39BDB1F69949}.Debug|x86.Deploy.0 = Debug|Any CPU
		{17CD45A3-D105-478E-B6C4-39BDB1F69949}.Release|Any CPU.ActiveCfg = Release|Any CPU
		{17CD45A3-D105-478E-B6C4-39BDB1F69949}.Release|Any CPU.Build.0 = Release|Any CPU
		{17CD45A3-D105-478E-B6C4-39BDB1F69949}.Release|Any CPU.Deploy.0 = Release|Any CPU
		{17CD45A3-D105-478E-B6C4-39BDB1F69949}.Release|ARM.ActiveCfg = Release|Any CPU
		{17CD45A3-D105-478E-B6C4-39BDB1F69949}.Release|ARM.Build.0 = Release|Any CPU
		{17CD45A3-D105-478E-B6C4-39BDB1F69949}.Release|ARM.Deploy.0 = Release|Any CPU
		{17CD45A3-D105-478E-B6C4-39BDB1F69949}.Release|iPhone.ActiveCfg = Release|Any CPU
		{17CD45A3-D105-478E-B6C4-39BDB1F69949}.Release|iPhone.Build.0 = Release|Any CPU
		{17CD45A3-D105-478E-B6C4-39BDB1F69949}.Release|iPhone.Deploy.0 = Release|Any CPU
		{17CD45A3-D105-478E-B6C4-39BDB1F69949}.Release|iPhoneSimulator.ActiveCfg = Release|Any CPU
		{17CD45A3-D105-478E-B6C4-39BDB1F69949}.Release|iPhoneSimulator.Build.0 = Release|Any CPU
		{17CD45A3-D105-478E-B6C4-39BDB1F69949}.Release|iPhoneSimulator.Deploy.0 = Release|Any CPU
		{17CD45A3-D105-478E-B6C4-39BDB1F69949}.Release|x64.ActiveCfg = Release|Any CPU
		{17CD45A3-D105-478E-B6C4-39BDB1F69949}.Release|x64.Build.0 = Release|Any CPU
		{17CD45A3-D105-478E-B6C4-39BDB1F69949}.Release|x64.Deploy.0 = Release|Any CPU
		{17CD45A3-D105-478E-B6C4-39BDB1F69949}.Release|x86.ActiveCfg = Release|Any CPU
		{17CD45A3-D105-478E-B6C4-39BDB1F69949}.Release|x86.Build.0 = Release|Any CPU
		{17CD45A3-D105-478E-B6C4-39BDB1F69949}.Release|x86.Deploy.0 = Release|Any CPU
		{6DB5D3CC-09DC-4D7E-90A2-729838BFF325}.Ad-Hoc|Any CPU.ActiveCfg = Ad-Hoc|iPhone
		{6DB5D3CC-09DC-4D7E-90A2-729838BFF325}.Ad-Hoc|Any CPU.Build.0 = Ad-Hoc|iPhone
		{6DB5D3CC-09DC-4D7E-90A2-729838BFF325}.Ad-Hoc|Any CPU.Deploy.0 = Ad-Hoc|iPhone
		{6DB5D3CC-09DC-4D7E-90A2-729838BFF325}.Ad-Hoc|ARM.ActiveCfg = Ad-Hoc|iPhone
		{6DB5D3CC-09DC-4D7E-90A2-729838BFF325}.Ad-Hoc|ARM.Build.0 = Ad-Hoc|iPhone
		{6DB5D3CC-09DC-4D7E-90A2-729838BFF325}.Ad-Hoc|ARM.Deploy.0 = Ad-Hoc|iPhone
		{6DB5D3CC-09DC-4D7E-90A2-729838BFF325}.Ad-Hoc|iPhone.ActiveCfg = Ad-Hoc|iPhone
		{6DB5D3CC-09DC-4D7E-90A2-729838BFF325}.Ad-Hoc|iPhone.Build.0 = Ad-Hoc|iPhone
		{6DB5D3CC-09DC-4D7E-90A2-729838BFF325}.Ad-Hoc|iPhone.Deploy.0 = Ad-Hoc|iPhone
		{6DB5D3CC-09DC-4D7E-90A2-729838BFF325}.Ad-Hoc|iPhoneSimulator.ActiveCfg = Ad-Hoc|iPhoneSimulator
		{6DB5D3CC-09DC-4D7E-90A2-729838BFF325}.Ad-Hoc|iPhoneSimulator.Build.0 = Ad-Hoc|iPhoneSimulator
		{6DB5D3CC-09DC-4D7E-90A2-729838BFF325}.Ad-Hoc|iPhoneSimulator.Deploy.0 = Ad-Hoc|iPhoneSimulator
		{6DB5D3CC-09DC-4D7E-90A2-729838BFF325}.Ad-Hoc|x64.ActiveCfg = Ad-Hoc|iPhone
		{6DB5D3CC-09DC-4D7E-90A2-729838BFF325}.Ad-Hoc|x64.Build.0 = Ad-Hoc|iPhone
		{6DB5D3CC-09DC-4D7E-90A2-729838BFF325}.Ad-Hoc|x64.Deploy.0 = Ad-Hoc|iPhone
		{6DB5D3CC-09DC-4D7E-90A2-729838BFF325}.Ad-Hoc|x86.ActiveCfg = Ad-Hoc|iPhone
		{6DB5D3CC-09DC-4D7E-90A2-729838BFF325}.Ad-Hoc|x86.Build.0 = Ad-Hoc|iPhone
		{6DB5D3CC-09DC-4D7E-90A2-729838BFF325}.Ad-Hoc|x86.Deploy.0 = Ad-Hoc|iPhone
		{6DB5D3CC-09DC-4D7E-90A2-729838BFF325}.AppStore|Any CPU.ActiveCfg = AppStore|iPhone
		{6DB5D3CC-09DC-4D7E-90A2-729838BFF325}.AppStore|Any CPU.Build.0 = AppStore|iPhone
		{6DB5D3CC-09DC-4D7E-90A2-729838BFF325}.AppStore|Any CPU.Deploy.0 = AppStore|iPhone
		{6DB5D3CC-09DC-4D7E-90A2-729838BFF325}.AppStore|ARM.ActiveCfg = AppStore|iPhone
		{6DB5D3CC-09DC-4D7E-90A2-729838BFF325}.AppStore|ARM.Build.0 = AppStore|iPhone
		{6DB5D3CC-09DC-4D7E-90A2-729838BFF325}.AppStore|ARM.Deploy.0 = AppStore|iPhone
		{6DB5D3CC-09DC-4D7E-90A2-729838BFF325}.AppStore|iPhone.ActiveCfg = AppStore|iPhone
		{6DB5D3CC-09DC-4D7E-90A2-729838BFF325}.AppStore|iPhone.Build.0 = AppStore|iPhone
		{6DB5D3CC-09DC-4D7E-90A2-729838BFF325}.AppStore|iPhone.Deploy.0 = AppStore|iPhone
		{6DB5D3CC-09DC-4D7E-90A2-729838BFF325}.AppStore|iPhoneSimulator.ActiveCfg = AppStore|iPhoneSimulator
		{6DB5D3CC-09DC-4D7E-90A2-729838BFF325}.AppStore|iPhoneSimulator.Build.0 = AppStore|iPhoneSimulator
		{6DB5D3CC-09DC-4D7E-90A2-729838BFF325}.AppStore|iPhoneSimulator.Deploy.0 = AppStore|iPhoneSimulator
		{6DB5D3CC-09DC-4D7E-90A2-729838BFF325}.AppStore|x64.ActiveCfg = AppStore|iPhone
		{6DB5D3CC-09DC-4D7E-90A2-729838BFF325}.AppStore|x64.Build.0 = AppStore|iPhone
		{6DB5D3CC-09DC-4D7E-90A2-729838BFF325}.AppStore|x64.Deploy.0 = AppStore|iPhone
		{6DB5D3CC-09DC-4D7E-90A2-729838BFF325}.AppStore|x86.ActiveCfg = AppStore|iPhone
		{6DB5D3CC-09DC-4D7E-90A2-729838BFF325}.AppStore|x86.Build.0 = AppStore|iPhone
		{6DB5D3CC-09DC-4D7E-90A2-729838BFF325}.AppStore|x86.Deploy.0 = AppStore|iPhone
		{6DB5D3CC-09DC-4D7E-90A2-729838BFF325}.Debug|Any CPU.ActiveCfg = Debug|iPhoneSimulator
		{6DB5D3CC-09DC-4D7E-90A2-729838BFF325}.Debug|Any CPU.Build.0 = Debug|iPhoneSimulator
		{6DB5D3CC-09DC-4D7E-90A2-729838BFF325}.Debug|Any CPU.Deploy.0 = Debug|iPhoneSimulator
		{6DB5D3CC-09DC-4D7E-90A2-729838BFF325}.Debug|ARM.ActiveCfg = Debug|iPhone
		{6DB5D3CC-09DC-4D7E-90A2-729838BFF325}.Debug|ARM.Build.0 = Debug|iPhone
		{6DB5D3CC-09DC-4D7E-90A2-729838BFF325}.Debug|ARM.Deploy.0 = Debug|iPhone
		{6DB5D3CC-09DC-4D7E-90A2-729838BFF325}.Debug|iPhone.ActiveCfg = Debug|iPhone
		{6DB5D3CC-09DC-4D7E-90A2-729838BFF325}.Debug|iPhone.Build.0 = Debug|iPhone
		{6DB5D3CC-09DC-4D7E-90A2-729838BFF325}.Debug|iPhone.Deploy.0 = Debug|iPhone
		{6DB5D3CC-09DC-4D7E-90A2-729838BFF325}.Debug|iPhoneSimulator.ActiveCfg = Debug|iPhoneSimulator
		{6DB5D3CC-09DC-4D7E-90A2-729838BFF325}.Debug|iPhoneSimulator.Build.0 = Debug|iPhoneSimulator
		{6DB5D3CC-09DC-4D7E-90A2-729838BFF325}.Debug|iPhoneSimulator.Deploy.0 = Debug|iPhoneSimulator
		{6DB5D3CC-09DC-4D7E-90A2-729838BFF325}.Debug|x64.ActiveCfg = Debug|iPhone
		{6DB5D3CC-09DC-4D7E-90A2-729838BFF325}.Debug|x64.Build.0 = Debug|iPhone
		{6DB5D3CC-09DC-4D7E-90A2-729838BFF325}.Debug|x64.Deploy.0 = Debug|iPhone
		{6DB5D3CC-09DC-4D7E-90A2-729838BFF325}.Debug|x86.ActiveCfg = Debug|iPhone
		{6DB5D3CC-09DC-4D7E-90A2-729838BFF325}.Debug|x86.Build.0 = Debug|iPhone
		{6DB5D3CC-09DC-4D7E-90A2-729838BFF325}.Debug|x86.Deploy.0 = Debug|iPhone
		{6DB5D3CC-09DC-4D7E-90A2-729838BFF325}.Release|Any CPU.ActiveCfg = Release|iPhone
		{6DB5D3CC-09DC-4D7E-90A2-729838BFF325}.Release|Any CPU.Build.0 = Release|iPhone
		{6DB5D3CC-09DC-4D7E-90A2-729838BFF325}.Release|Any CPU.Deploy.0 = Release|iPhone
		{6DB5D3CC-09DC-4D7E-90A2-729838BFF325}.Release|ARM.ActiveCfg = Release|iPhone
		{6DB5D3CC-09DC-4D7E-90A2-729838BFF325}.Release|ARM.Build.0 = Release|iPhone
		{6DB5D3CC-09DC-4D7E-90A2-729838BFF325}.Release|ARM.Deploy.0 = Release|iPhone
		{6DB5D3CC-09DC-4D7E-90A2-729838BFF325}.Release|iPhone.ActiveCfg = Release|iPhone
		{6DB5D3CC-09DC-4D7E-90A2-729838BFF325}.Release|iPhone.Build.0 = Release|iPhone
		{6DB5D3CC-09DC-4D7E-90A2-729838BFF325}.Release|iPhone.Deploy.0 = Release|iPhone
		{6DB5D3CC-09DC-4D7E-90A2-729838BFF325}.Release|iPhoneSimulator.ActiveCfg = Release|iPhoneSimulator
		{6DB5D3CC-09DC-4D7E-90A2-729838BFF325}.Release|iPhoneSimulator.Build.0 = Release|iPhoneSimulator
		{6DB5D3CC-09DC-4D7E-90A2-729838BFF325}.Release|iPhoneSimulator.Deploy.0 = Release|iPhoneSimulator
		{6DB5D3CC-09DC-4D7E-90A2-729838BFF325}.Release|x64.ActiveCfg = Release|iPhone
		{6DB5D3CC-09DC-4D7E-90A2-729838BFF325}.Release|x64.Build.0 = Release|iPhone
		{6DB5D3CC-09DC-4D7E-90A2-729838BFF325}.Release|x64.Deploy.0 = Release|iPhone
		{6DB5D3CC-09DC-4D7E-90A2-729838BFF325}.Release|x86.ActiveCfg = Release|iPhone
		{6DB5D3CC-09DC-4D7E-90A2-729838BFF325}.Release|x86.Build.0 = Release|iPhone
		{6DB5D3CC-09DC-4D7E-90A2-729838BFF325}.Release|x86.Deploy.0 = Release|iPhone
		{39808A73-2122-40B2-8211-7BB1B0090E7A}.Ad-Hoc|Any CPU.ActiveCfg = Release|x86
		{39808A73-2122-40B2-8211-7BB1B0090E7A}.Ad-Hoc|Any CPU.Build.0 = Release|x86
		{39808A73-2122-40B2-8211-7BB1B0090E7A}.Ad-Hoc|Any CPU.Deploy.0 = Release|x86
		{39808A73-2122-40B2-8211-7BB1B0090E7A}.Ad-Hoc|ARM.ActiveCfg = Release|ARM
		{39808A73-2122-40B2-8211-7BB1B0090E7A}.Ad-Hoc|ARM.Build.0 = Release|ARM
		{39808A73-2122-40B2-8211-7BB1B0090E7A}.Ad-Hoc|ARM.Deploy.0 = Release|ARM
		{39808A73-2122-40B2-8211-7BB1B0090E7A}.Ad-Hoc|iPhone.ActiveCfg = Release|x86
		{39808A73-2122-40B2-8211-7BB1B0090E7A}.Ad-Hoc|iPhone.Build.0 = Release|x86
		{39808A73-2122-40B2-8211-7BB1B0090E7A}.Ad-Hoc|iPhone.Deploy.0 = Release|x86
		{39808A73-2122-40B2-8211-7BB1B0090E7A}.Ad-Hoc|iPhoneSimulator.ActiveCfg = Release|x86
		{39808A73-2122-40B2-8211-7BB1B0090E7A}.Ad-Hoc|iPhoneSimulator.Build.0 = Release|x86
		{39808A73-2122-40B2-8211-7BB1B0090E7A}.Ad-Hoc|iPhoneSimulator.Deploy.0 = Release|x86
		{39808A73-2122-40B2-8211-7BB1B0090E7A}.Ad-Hoc|x64.ActiveCfg = Release|x64
		{39808A73-2122-40B2-8211-7BB1B0090E7A}.Ad-Hoc|x64.Build.0 = Release|x64
		{39808A73-2122-40B2-8211-7BB1B0090E7A}.Ad-Hoc|x64.Deploy.0 = Release|x64
		{39808A73-2122-40B2-8211-7BB1B0090E7A}.Ad-Hoc|x86.ActiveCfg = Release|x86
		{39808A73-2122-40B2-8211-7BB1B0090E7A}.Ad-Hoc|x86.Build.0 = Release|x86
		{39808A73-2122-40B2-8211-7BB1B0090E7A}.Ad-Hoc|x86.Deploy.0 = Release|x86
		{39808A73-2122-40B2-8211-7BB1B0090E7A}.AppStore|Any CPU.ActiveCfg = Release|x86
		{39808A73-2122-40B2-8211-7BB1B0090E7A}.AppStore|Any CPU.Build.0 = Release|x86
		{39808A73-2122-40B2-8211-7BB1B0090E7A}.AppStore|Any CPU.Deploy.0 = Release|x86
		{39808A73-2122-40B2-8211-7BB1B0090E7A}.AppStore|ARM.ActiveCfg = Release|ARM
		{39808A73-2122-40B2-8211-7BB1B0090E7A}.AppStore|ARM.Build.0 = Release|ARM
		{39808A73-2122-40B2-8211-7BB1B0090E7A}.AppStore|ARM.Deploy.0 = Release|ARM
		{39808A73-2122-40B2-8211-7BB1B0090E7A}.AppStore|iPhone.ActiveCfg = Release|x86
		{39808A73-2122-40B2-8211-7BB1B0090E7A}.AppStore|iPhone.Build.0 = Release|x86
		{39808A73-2122-40B2-8211-7BB1B0090E7A}.AppStore|iPhone.Deploy.0 = Release|x86
		{39808A73-2122-40B2-8211-7BB1B0090E7A}.AppStore|iPhoneSimulator.ActiveCfg = Release|x86
		{39808A73-2122-40B2-8211-7BB1B0090E7A}.AppStore|iPhoneSimulator.Build.0 = Release|x86
		{39808A73-2122-40B2-8211-7BB1B0090E7A}.AppStore|iPhoneSimulator.Deploy.0 = Release|x86
		{39808A73-2122-40B2-8211-7BB1B0090E7A}.AppStore|x64.ActiveCfg = Release|x64
		{39808A73-2122-40B2-8211-7BB1B0090E7A}.AppStore|x64.Build.0 = Release|x64
		{39808A73-2122-40B2-8211-7BB1B0090E7A}.AppStore|x64.Deploy.0 = Release|x64
		{39808A73-2122-40B2-8211-7BB1B0090E7A}.AppStore|x86.ActiveCfg = Release|x86
		{39808A73-2122-40B2-8211-7BB1B0090E7A}.AppStore|x86.Build.0 = Release|x86
		{39808A73-2122-40B2-8211-7BB1B0090E7A}.AppStore|x86.Deploy.0 = Release|x86
		{39808A73-2122-40B2-8211-7BB1B0090E7A}.Debug|Any CPU.ActiveCfg = Debug|x86
		{39808A73-2122-40B2-8211-7BB1B0090E7A}.Debug|Any CPU.Build.0 = Debug|x86
		{39808A73-2122-40B2-8211-7BB1B0090E7A}.Debug|Any CPU.Deploy.0 = Debug|x86
		{39808A73-2122-40B2-8211-7BB1B0090E7A}.Debug|ARM.ActiveCfg = Debug|ARM
		{39808A73-2122-40B2-8211-7BB1B0090E7A}.Debug|ARM.Build.0 = Debug|ARM
		{39808A73-2122-40B2-8211-7BB1B0090E7A}.Debug|ARM.Deploy.0 = Debug|ARM
		{39808A73-2122-40B2-8211-7BB1B0090E7A}.Debug|iPhone.ActiveCfg = Debug|x86
		{39808A73-2122-40B2-8211-7BB1B0090E7A}.Debug|iPhone.Build.0 = Debug|x86
		{39808A73-2122-40B2-8211-7BB1B0090E7A}.Debug|iPhone.Deploy.0 = Debug|x86
		{39808A73-2122-40B2-8211-7BB1B0090E7A}.Debug|iPhoneSimulator.ActiveCfg = Debug|x86
		{39808A73-2122-40B2-8211-7BB1B0090E7A}.Debug|iPhoneSimulator.Build.0 = Debug|x86
		{39808A73-2122-40B2-8211-7BB1B0090E7A}.Debug|iPhoneSimulator.Deploy.0 = Debug|x86
		{39808A73-2122-40B2-8211-7BB1B0090E7A}.Debug|x64.ActiveCfg = Debug|x64
		{39808A73-2122-40B2-8211-7BB1B0090E7A}.Debug|x64.Build.0 = Debug|x64
		{39808A73-2122-40B2-8211-7BB1B0090E7A}.Debug|x64.Deploy.0 = Debug|x64
		{39808A73-2122-40B2-8211-7BB1B0090E7A}.Debug|x86.ActiveCfg = Debug|x86
		{39808A73-2122-40B2-8211-7BB1B0090E7A}.Debug|x86.Build.0 = Debug|x86
		{39808A73-2122-40B2-8211-7BB1B0090E7A}.Debug|x86.Deploy.0 = Debug|x86
		{39808A73-2122-40B2-8211-7BB1B0090E7A}.Release|Any CPU.ActiveCfg = Release|x86
		{39808A73-2122-40B2-8211-7BB1B0090E7A}.Release|Any CPU.Build.0 = Release|x86
		{39808A73-2122-40B2-8211-7BB1B0090E7A}.Release|Any CPU.Deploy.0 = Release|x86
		{39808A73-2122-40B2-8211-7BB1B0090E7A}.Release|ARM.ActiveCfg = Release|ARM
		{39808A73-2122-40B2-8211-7BB1B0090E7A}.Release|ARM.Build.0 = Release|ARM
		{39808A73-2122-40B2-8211-7BB1B0090E7A}.Release|ARM.Deploy.0 = Release|ARM
		{39808A73-2122-40B2-8211-7BB1B0090E7A}.Release|iPhone.ActiveCfg = Release|x86
		{39808A73-2122-40B2-8211-7BB1B0090E7A}.Release|iPhone.Build.0 = Release|x86
		{39808A73-2122-40B2-8211-7BB1B0090E7A}.Release|iPhone.Deploy.0 = Release|x86
		{39808A73-2122-40B2-8211-7BB1B0090E7A}.Release|iPhoneSimulator.ActiveCfg = Release|x86
		{39808A73-2122-40B2-8211-7BB1B0090E7A}.Release|iPhoneSimulator.Build.0 = Release|x86
		{39808A73-2122-40B2-8211-7BB1B0090E7A}.Release|iPhoneSimulator.Deploy.0 = Release|x86
		{39808A73-2122-40B2-8211-7BB1B0090E7A}.Release|x64.ActiveCfg = Release|x64
		{39808A73-2122-40B2-8211-7BB1B0090E7A}.Release|x64.Build.0 = Release|x64
		{39808A73-2122-40B2-8211-7BB1B0090E7A}.Release|x64.Deploy.0 = Release|x64
		{39808A73-2122-40B2-8211-7BB1B0090E7A}.Release|x86.ActiveCfg = Release|x86
		{39808A73-2122-40B2-8211-7BB1B0090E7A}.Release|x86.Build.0 = Release|x86
		{39808A73-2122-40B2-8211-7BB1B0090E7A}.Release|x86.Deploy.0 = Release|x86
		{34F5FD3E-3CD8-4C85-8906-08264D47C1A3}.Ad-Hoc|Any CPU.ActiveCfg = Debug|Any CPU
		{34F5FD3E-3CD8-4C85-8906-08264D47C1A3}.Ad-Hoc|Any CPU.Build.0 = Debug|Any CPU
		{34F5FD3E-3CD8-4C85-8906-08264D47C1A3}.Ad-Hoc|Any CPU.Deploy.0 = Debug|Any CPU
		{34F5FD3E-3CD8-4C85-8906-08264D47C1A3}.Ad-Hoc|ARM.ActiveCfg = Debug|Any CPU
		{34F5FD3E-3CD8-4C85-8906-08264D47C1A3}.Ad-Hoc|ARM.Build.0 = Debug|Any CPU
		{34F5FD3E-3CD8-4C85-8906-08264D47C1A3}.Ad-Hoc|ARM.Deploy.0 = Debug|Any CPU
		{34F5FD3E-3CD8-4C85-8906-08264D47C1A3}.Ad-Hoc|iPhone.ActiveCfg = Debug|Any CPU
		{34F5FD3E-3CD8-4C85-8906-08264D47C1A3}.Ad-Hoc|iPhone.Build.0 = Debug|Any CPU
		{34F5FD3E-3CD8-4C85-8906-08264D47C1A3}.Ad-Hoc|iPhone.Deploy.0 = Debug|Any CPU
		{34F5FD3E-3CD8-4C85-8906-08264D47C1A3}.Ad-Hoc|iPhoneSimulator.ActiveCfg = Debug|Any CPU
		{34F5FD3E-3CD8-4C85-8906-08264D47C1A3}.Ad-Hoc|iPhoneSimulator.Build.0 = Debug|Any CPU
		{34F5FD3E-3CD8-4C85-8906-08264D47C1A3}.Ad-Hoc|iPhoneSimulator.Deploy.0 = Debug|Any CPU
		{34F5FD3E-3CD8-4C85-8906-08264D47C1A3}.Ad-Hoc|x64.ActiveCfg = Debug|Any CPU
		{34F5FD3E-3CD8-4C85-8906-08264D47C1A3}.Ad-Hoc|x64.Build.0 = Debug|Any CPU
		{34F5FD3E-3CD8-4C85-8906-08264D47C1A3}.Ad-Hoc|x64.Deploy.0 = Debug|Any CPU
		{34F5FD3E-3CD8-4C85-8906-08264D47C1A3}.Ad-Hoc|x86.ActiveCfg = Debug|Any CPU
		{34F5FD3E-3CD8-4C85-8906-08264D47C1A3}.Ad-Hoc|x86.Build.0 = Debug|Any CPU
		{34F5FD3E-3CD8-4C85-8906-08264D47C1A3}.Ad-Hoc|x86.Deploy.0 = Debug|Any CPU
		{34F5FD3E-3CD8-4C85-8906-08264D47C1A3}.AppStore|Any CPU.ActiveCfg = Debug|Any CPU
		{34F5FD3E-3CD8-4C85-8906-08264D47C1A3}.AppStore|Any CPU.Build.0 = Debug|Any CPU
		{34F5FD3E-3CD8-4C85-8906-08264D47C1A3}.AppStore|Any CPU.Deploy.0 = Debug|Any CPU
		{34F5FD3E-3CD8-4C85-8906-08264D47C1A3}.AppStore|ARM.ActiveCfg = Debug|Any CPU
		{34F5FD3E-3CD8-4C85-8906-08264D47C1A3}.AppStore|ARM.Build.0 = Debug|Any CPU
		{34F5FD3E-3CD8-4C85-8906-08264D47C1A3}.AppStore|ARM.Deploy.0 = Debug|Any CPU
		{34F5FD3E-3CD8-4C85-8906-08264D47C1A3}.AppStore|iPhone.ActiveCfg = Debug|Any CPU
		{34F5FD3E-3CD8-4C85-8906-08264D47C1A3}.AppStore|iPhone.Build.0 = Debug|Any CPU
		{34F5FD3E-3CD8-4C85-8906-08264D47C1A3}.AppStore|iPhone.Deploy.0 = Debug|Any CPU
		{34F5FD3E-3CD8-4C85-8906-08264D47C1A3}.AppStore|iPhoneSimulator.ActiveCfg = Debug|Any CPU
		{34F5FD3E-3CD8-4C85-8906-08264D47C1A3}.AppStore|iPhoneSimulator.Build.0 = Debug|Any CPU
		{34F5FD3E-3CD8-4C85-8906-08264D47C1A3}.AppStore|iPhoneSimulator.Deploy.0 = Debug|Any CPU
		{34F5FD3E-3CD8-4C85-8906-08264D47C1A3}.AppStore|x64.ActiveCfg = Debug|Any CPU
		{34F5FD3E-3CD8-4C85-8906-08264D47C1A3}.AppStore|x64.Build.0 = Debug|Any CPU
		{34F5FD3E-3CD8-4C85-8906-08264D47C1A3}.AppStore|x64.Deploy.0 = Debug|Any CPU
		{34F5FD3E-3CD8-4C85-8906-08264D47C1A3}.AppStore|x86.ActiveCfg = Debug|Any CPU
		{34F5FD3E-3CD8-4C85-8906-08264D47C1A3}.AppStore|x86.Build.0 = Debug|Any CPU
		{34F5FD3E-3CD8-4C85-8906-08264D47C1A3}.AppStore|x86.Deploy.0 = Debug|Any CPU
		{34F5FD3E-3CD8-4C85-8906-08264D47C1A3}.Debug|Any CPU.ActiveCfg = Debug|Any CPU
		{34F5FD3E-3CD8-4C85-8906-08264D47C1A3}.Debug|Any CPU.Build.0 = Debug|Any CPU
		{34F5FD3E-3CD8-4C85-8906-08264D47C1A3}.Debug|Any CPU.Deploy.0 = Debug|Any CPU
		{34F5FD3E-3CD8-4C85-8906-08264D47C1A3}.Debug|ARM.ActiveCfg = Debug|Any CPU
		{34F5FD3E-3CD8-4C85-8906-08264D47C1A3}.Debug|ARM.Build.0 = Debug|Any CPU
		{34F5FD3E-3CD8-4C85-8906-08264D47C1A3}.Debug|ARM.Deploy.0 = Debug|Any CPU
		{34F5FD3E-3CD8-4C85-8906-08264D47C1A3}.Debug|iPhone.ActiveCfg = Debug|Any CPU
		{34F5FD3E-3CD8-4C85-8906-08264D47C1A3}.Debug|iPhone.Build.0 = Debug|Any CPU
		{34F5FD3E-3CD8-4C85-8906-08264D47C1A3}.Debug|iPhone.Deploy.0 = Debug|Any CPU
		{34F5FD3E-3CD8-4C85-8906-08264D47C1A3}.Debug|iPhoneSimulator.ActiveCfg = Debug|Any CPU
		{34F5FD3E-3CD8-4C85-8906-08264D47C1A3}.Debug|iPhoneSimulator.Build.0 = Debug|Any CPU
		{34F5FD3E-3CD8-4C85-8906-08264D47C1A3}.Debug|iPhoneSimulator.Deploy.0 = Debug|Any CPU
		{34F5FD3E-3CD8-4C85-8906-08264D47C1A3}.Debug|x64.ActiveCfg = Debug|Any CPU
		{34F5FD3E-3CD8-4C85-8906-08264D47C1A3}.Debug|x64.Build.0 = Debug|Any CPU
		{34F5FD3E-3CD8-4C85-8906-08264D47C1A3}.Debug|x64.Deploy.0 = Debug|Any CPU
		{34F5FD3E-3CD8-4C85-8906-08264D47C1A3}.Debug|x86.ActiveCfg = Debug|Any CPU
		{34F5FD3E-3CD8-4C85-8906-08264D47C1A3}.Debug|x86.Build.0 = Debug|Any CPU
		{34F5FD3E-3CD8-4C85-8906-08264D47C1A3}.Debug|x86.Deploy.0 = Debug|Any CPU
		{34F5FD3E-3CD8-4C85-8906-08264D47C1A3}.Release|Any CPU.ActiveCfg = Release|Any CPU
		{34F5FD3E-3CD8-4C85-8906-08264D47C1A3}.Release|Any CPU.Build.0 = Release|Any CPU
		{34F5FD3E-3CD8-4C85-8906-08264D47C1A3}.Release|Any CPU.Deploy.0 = Release|Any CPU
		{34F5FD3E-3CD8-4C85-8906-08264D47C1A3}.Release|ARM.ActiveCfg = Release|Any CPU
		{34F5FD3E-3CD8-4C85-8906-08264D47C1A3}.Release|ARM.Build.0 = Release|Any CPU
		{34F5FD3E-3CD8-4C85-8906-08264D47C1A3}.Release|ARM.Deploy.0 = Release|Any CPU
		{34F5FD3E-3CD8-4C85-8906-08264D47C1A3}.Release|iPhone.ActiveCfg = Release|Any CPU
		{34F5FD3E-3CD8-4C85-8906-08264D47C1A3}.Release|iPhone.Build.0 = Release|Any CPU
		{34F5FD3E-3CD8-4C85-8906-08264D47C1A3}.Release|iPhone.Deploy.0 = Release|Any CPU
		{34F5FD3E-3CD8-4C85-8906-08264D47C1A3}.Release|iPhoneSimulator.ActiveCfg = Release|Any CPU
		{34F5FD3E-3CD8-4C85-8906-08264D47C1A3}.Release|iPhoneSimulator.Build.0 = Release|Any CPU
		{34F5FD3E-3CD8-4C85-8906-08264D47C1A3}.Release|iPhoneSimulator.Deploy.0 = Release|Any CPU
		{34F5FD3E-3CD8-4C85-8906-08264D47C1A3}.Release|x64.ActiveCfg = Release|Any CPU
		{34F5FD3E-3CD8-4C85-8906-08264D47C1A3}.Release|x64.Build.0 = Release|Any CPU
		{34F5FD3E-3CD8-4C85-8906-08264D47C1A3}.Release|x64.Deploy.0 = Release|Any CPU
		{34F5FD3E-3CD8-4C85-8906-08264D47C1A3}.Release|x86.ActiveCfg = Release|Any CPU
		{34F5FD3E-3CD8-4C85-8906-08264D47C1A3}.Release|x86.Build.0 = Release|Any CPU
		{34F5FD3E-3CD8-4C85-8906-08264D47C1A3}.Release|x86.Deploy.0 = Release|Any CPU
	EndGlobalSection
	GlobalSection(SolutionProperties) = preSolution
		HideSolutionNode = FALSE
	EndGlobalSection
	GlobalSection(ExtensibilityGlobals) = postSolution
		SolutionGuid = {7DB9761B-198F-4FB5-80C5-84D8D2AB14B5}
	EndGlobalSection
EndGlobal
